// !$*UTF8*$!
{
	archiveVersion = 1;
	classes = {
	};
	objectVersion = 77;
	objects = {

/* Begin PBXBuildFile section */
		EED6B4892E6628D10010ED58 /* Supabase in Frameworks */ = {isa = PBXBuildFile; productRef = EED6B4882E6628D10010ED58 /* Supabase */; };
/* End PBXBuildFile section */

/* Begin PBXContainerItemProxy section */
		EED6B4592E6625940010ED58 /* PBXContainerItemProxy */ = {
			isa = PBXContainerItemProxy;
			containerPortal = EED6B4002E64FB6B0010ED58 /* Project object */;
			proxyType = 1;
			remoteGlobalIDString = EED6B44B2E6625920010ED58;
			remoteInfo = "Nubu IOS";
		};
		EED6B4632E6625940010ED58 /* PBXContainerItemProxy */ = {
			isa = PBXContainerItemProxy;
			containerPortal = EED6B4002E64FB6B0010ED58 /* Project object */;
			proxyType = 1;
			remoteGlobalIDString = EED6B44B2E6625920010ED58;
			remoteInfo = "Nubu IOS";
		};
/* End PBXContainerItemProxy section */

/* Begin PBXFileReference section */
		EED6B44C2E6625920010ED58 /* Nubu.app */ = {isa = PBXFileReference; explicitFileType = wrapper.application; includeInIndex = 0; path = Nubu.app; sourceTree = BUILT_PRODUCTS_DIR; };
		EED6B4582E6625940010ED58 /* Nubu Tests.xctest */ = {isa = PBXFileReference; explicitFileType = wrapper.cfbundle; includeInIndex = 0; path = "Nubu Tests.xctest"; sourceTree = BUILT_PRODUCTS_DIR; };
		EED6B4622E6625940010ED58 /* Nubu UITests.xctest */ = {isa = PBXFileReference; explicitFileType = wrapper.cfbundle; includeInIndex = 0; path = "Nubu UITests.xctest"; sourceTree = BUILT_PRODUCTS_DIR; };
/* End PBXFileReference section */

/* Begin PBXFileSystemSynchronizedRootGroup section */
		EED6B44D2E6625920010ED58 /* Nubu */ = {
			isa = PBXFileSystemSynchronizedRootGroup;
			path = Nubu;
			sourceTree = "<group>";
		};
		EED6B45B2E6625940010ED58 /* Nubu Tests */ = {
			isa = PBXFileSystemSynchronizedRootGroup;
			path = "Nubu Tests";
			sourceTree = "<group>";
		};
		EED6B4652E6625940010ED58 /* Nubu UITests */ = {
			isa = PBXFileSystemSynchronizedRootGroup;
			path = "Nubu UITests";
			sourceTree = "<group>";
		};
/* End PBXFileSystemSynchronizedRootGroup section */

/* Begin PBXFrameworksBuildPhase section */
		EED6B4492E6625920010ED58 /* Frameworks */ = {
			isa = PBXFrameworksBuildPhase;
			buildActionMask = 2147483647;
			files = (
				EED6B4892E6628D10010ED58 /* Supabase in Frameworks */,
			);
			runOnlyForDeploymentPostprocessing = 0;
		};
		EED6B4552E6625940010ED58 /* Frameworks */ = {
			isa = PBXFrameworksBuildPhase;
			buildActionMask = 2147483647;
			files = (
			);
			runOnlyForDeploymentPostprocessing = 0;
		};
		EED6B45F2E6625940010ED58 /* Frameworks */ = {
			isa = PBXFrameworksBuildPhase;
			buildActionMask = 2147483647;
			files = (
			);
			runOnlyForDeploymentPostprocessing = 0;
		};
/* End PBXFrameworksBuildPhase section */

/* Begin PBXGroup section */
		EED6B3FF2E64FB6B0010ED58 = {
			isa = PBXGroup;
			children = (
				EED6B44D2E6625920010ED58 /* Nubu */,
				EED6B45B2E6625940010ED58 /* Nubu Tests */,
				EED6B4652E6625940010ED58 /* Nubu UITests */,
				EED6B4092E64FB6B0010ED58 /* Products */,
			);
			sourceTree = "<group>";
		};
		EED6B4092E64FB6B0010ED58 /* Products */ = {
			isa = PBXGroup;
			children = (
				EED6B44C2E6625920010ED58 /* Nubu.app */,
				EED6B4582E6625940010ED58 /* Nubu Tests.xctest */,
				EED6B4622E6625940010ED58 /* Nubu UITests.xctest */,
			);
			name = Products;
			sourceTree = "<group>";
		};
/* End PBXGroup section */

/* Begin PBXNativeTarget section */
		EED6B44B2E6625920010ED58 /* Nubu */ = {
			isa = PBXNativeTarget;
			buildConfigurationList = EED6B46A2E6625940010ED58 /* Build configuration list for PBXNativeTarget "Nubu" */;
			buildPhases = (
				EED6B4482E6625920010ED58 /* Sources */,
				EED6B4492E6625920010ED58 /* Frameworks */,
				EED6B44A2E6625920010ED58 /* Resources */,
			);
			buildRules = (
			);
			dependencies = (
			);
			fileSystemSynchronizedGroups = (
				EED6B44D2E6625920010ED58 /* Nubu */,
			);
			name = Nubu;
			packageProductDependencies = (
				EED6B4882E6628D10010ED58 /* Supabase */,
			);
			productName = "Nubu IOS";
			productReference = EED6B44C2E6625920010ED58 /* Nubu.app */;
			productType = "com.apple.product-type.application";
		};
		EED6B4572E6625940010ED58 /* Nubu Tests */ = {
			isa = PBXNativeTarget;
			buildConfigurationList = EED6B46D2E6625940010ED58 /* Build configuration list for PBXNativeTarget "Nubu Tests" */;
			buildPhases = (
				EED6B4542E6625940010ED58 /* Sources */,
				EED6B4552E6625940010ED58 /* Frameworks */,
				EED6B4562E6625940010ED58 /* Resources */,
			);
			buildRules = (
			);
			dependencies = (
				EED6B45A2E6625940010ED58 /* PBXTargetDependency */,
			);
			fileSystemSynchronizedGroups = (
				EED6B45B2E6625940010ED58 /* Nubu Tests */,
			);
			name = "Nubu Tests";
			packageProductDependencies = (
			);
			productName = "Nubu IOSTests";
			productReference = EED6B4582E6625940010ED58 /* Nubu Tests.xctest */;
			productType = "com.apple.product-type.bundle.unit-test";
		};
		EED6B4612E6625940010ED58 /* Nubu UITests */ = {
			isa = PBXNativeTarget;
			buildConfigurationList = EED6B4702E6625940010ED58 /* Build configuration list for PBXNativeTarget "Nubu UITests" */;
			buildPhases = (
				EED6B45E2E6625940010ED58 /* Sources */,
				EED6B45F2E6625940010ED58 /* Frameworks */,
				EED6B4602E6625940010ED58 /* Resources */,
			);
			buildRules = (
			);
			dependencies = (
				EED6B4642E6625940010ED58 /* PBXTargetDependency */,
			);
			fileSystemSynchronizedGroups = (
				EED6B4652E6625940010ED58 /* Nubu UITests */,
			);
			name = "Nubu UITests";
			packageProductDependencies = (
			);
			productName = "Nubu IOSUITests";
			productReference = EED6B4622E6625940010ED58 /* Nubu UITests.xctest */;
			productType = "com.apple.product-type.bundle.ui-testing";
		};
/* End PBXNativeTarget section */

/* Begin PBXProject section */
		EED6B4002E64FB6B0010ED58 /* Project object */ = {
			isa = PBXProject;
			attributes = {
				BuildIndependentTargetsInParallel = 1;
				LastSwiftUpdateCheck = 1640;
				LastUpgradeCheck = 1640;
				TargetAttributes = {
					EED6B44B2E6625920010ED58 = {
						CreatedOnToolsVersion = 16.4;
					};
					EED6B4572E6625940010ED58 = {
						CreatedOnToolsVersion = 16.4;
						TestTargetID = EED6B44B2E6625920010ED58;
					};
					EED6B4612E6625940010ED58 = {
						CreatedOnToolsVersion = 16.4;
						TestTargetID = EED6B44B2E6625920010ED58;
					};
				};
			};
			buildConfigurationList = EED6B4032E64FB6B0010ED58 /* Build configuration list for PBXProject "Nubu" */;
			developmentRegion = en;
			hasScannedForEncodings = 0;
			knownRegions = (
				en,
				Base,
			);
			mainGroup = EED6B3FF2E64FB6B0010ED58;
			minimizedProjectReferenceProxies = 1;
			packageReferences = (
				EED6B4362E661C6A0010ED58 /* XCRemoteSwiftPackageReference "supabase-swift" */,
			);
			preferredProjectObjectVersion = 77;
			productRefGroup = EED6B4092E64FB6B0010ED58 /* Products */;
			projectDirPath = "";
			projectRoot = "";
			targets = (
				EED6B44B2E6625920010ED58 /* Nubu */,
				EED6B4572E6625940010ED58 /* Nubu Tests */,
				EED6B4612E6625940010ED58 /* Nubu UITests */,
			);
		};
/* End PBXProject section */

/* Begin PBXResourcesBuildPhase section */
		EED6B44A2E6625920010ED58 /* Resources */ = {
			isa = PBXResourcesBuildPhase;
			buildActionMask = 2147483647;
			files = (
			);
			runOnlyForDeploymentPostprocessing = 0;
		};
		EED6B4562E6625940010ED58 /* Resources */ = {
			isa = PBXResourcesBuildPhase;
			buildActionMask = 2147483647;
			files = (
			);
			runOnlyForDeploymentPostprocessing = 0;
		};
		EED6B4602E6625940010ED58 /* Resources */ = {
			isa = PBXResourcesBuildPhase;
			buildActionMask = 2147483647;
			files = (
			);
			runOnlyForDeploymentPostprocessing = 0;
		};
/* End PBXResourcesBuildPhase section */

/* Begin PBXSourcesBuildPhase section */
		EED6B4482E6625920010ED58 /* Sources */ = {
			isa = PBXSourcesBuildPhase;
			buildActionMask = 2147483647;
			files = (
			);
			runOnlyForDeploymentPostprocessing = 0;
		};
		EED6B4542E6625940010ED58 /* Sources */ = {
			isa = PBXSourcesBuildPhase;
			buildActionMask = 2147483647;
			files = (
			);
			runOnlyForDeploymentPostprocessing = 0;
		};
		EED6B45E2E6625940010ED58 /* Sources */ = {
			isa = PBXSourcesBuildPhase;
			buildActionMask = 2147483647;
			files = (
			);
			runOnlyForDeploymentPostprocessing = 0;
		};
/* End PBXSourcesBuildPhase section */

/* Begin PBXTargetDependency section */
		EED6B45A2E6625940010ED58 /* PBXTargetDependency */ = {
			isa = PBXTargetDependency;
			target = EED6B44B2E6625920010ED58 /* Nubu */;
			targetProxy = EED6B4592E6625940010ED58 /* PBXContainerItemProxy */;
		};
		EED6B4642E6625940010ED58 /* PBXTargetDependency */ = {
			isa = PBXTargetDependency;
			target = EED6B44B2E6625920010ED58 /* Nubu */;
			targetProxy = EED6B4632E6625940010ED58 /* PBXContainerItemProxy */;
		};
/* End PBXTargetDependency section */

/* Begin XCBuildConfiguration section */
		EED6B4282E64FB6D0010ED58 /* Debug */ = {
			isa = XCBuildConfiguration;
			baseConfigurationReferenceAnchor = EED6B44D2E6625920010ED58 /* Nubu */;
			baseConfigurationReferenceRelativePath = Secrets.xcconfig;
			buildSettings = {
				ALWAYS_SEARCH_USER_PATHS = NO;
				ASSETCATALOG_COMPILER_GENERATE_SWIFT_ASSET_SYMBOL_EXTENSIONS = YES;
				CLANG_ANALYZER_NONNULL = YES;
				CLANG_ANALYZER_NUMBER_OBJECT_CONVERSION = YES_AGGRESSIVE;
				CLANG_CXX_LANGUAGE_STANDARD = "gnu++20";
				CLANG_ENABLE_MODULES = YES;
				CLANG_ENABLE_OBJC_ARC = YES;
				CLANG_ENABLE_OBJC_WEAK = YES;
				CLANG_WARN_BLOCK_CAPTURE_AUTORELEASING = YES;
				CLANG_WARN_BOOL_CONVERSION = YES;
				CLANG_WARN_COMMA = YES;
				CLANG_WARN_CONSTANT_CONVERSION = YES;
				CLANG_WARN_DEPRECATED_OBJC_IMPLEMENTATIONS = YES;
				CLANG_WARN_DIRECT_OBJC_ISA_USAGE = YES_ERROR;
				CLANG_WARN_DOCUMENTATION_COMMENTS = YES;
				CLANG_WARN_EMPTY_BODY = YES;
				CLANG_WARN_ENUM_CONVERSION = YES;
				CLANG_WARN_INFINITE_RECURSION = YES;
				CLANG_WARN_INT_CONVERSION = YES;
				CLANG_WARN_NON_LITERAL_NULL_CONVERSION = YES;
				CLANG_WARN_OBJC_IMPLICIT_RETAIN_SELF = YES;
				CLANG_WARN_OBJC_LITERAL_CONVERSION = YES;
				CLANG_WARN_OBJC_ROOT_CLASS = YES_ERROR;
				CLANG_WARN_QUOTED_INCLUDE_IN_FRAMEWORK_HEADER = YES;
				CLANG_WARN_RANGE_LOOP_ANALYSIS = YES;
				CLANG_WARN_STRICT_PROTOTYPES = YES;
				CLANG_WARN_SUSPICIOUS_MOVE = YES;
				CLANG_WARN_UNGUARDED_AVAILABILITY = YES_AGGRESSIVE;
				CLANG_WARN_UNREACHABLE_CODE = YES;
				CLANG_WARN__DUPLICATE_METHOD_MATCH = YES;
				COPY_PHASE_STRIP = NO;
				DEBUG_INFORMATION_FORMAT = dwarf;
				ENABLE_STRICT_OBJC_MSGSEND = YES;
				ENABLE_TESTABILITY = YES;
				ENABLE_USER_SCRIPT_SANDBOXING = YES;
				GCC_C_LANGUAGE_STANDARD = gnu17;
				GCC_DYNAMIC_NO_PIC = NO;
				GCC_NO_COMMON_BLOCKS = YES;
				GCC_OPTIMIZATION_LEVEL = 0;
				GCC_PREPROCESSOR_DEFINITIONS = (
					"DEBUG=1",
					"$(inherited)",
				);
				GCC_WARN_64_TO_32_BIT_CONVERSION = YES;
				GCC_WARN_ABOUT_RETURN_TYPE = YES_ERROR;
				GCC_WARN_UNDECLARED_SELECTOR = YES;
				GCC_WARN_UNINITIALIZED_AUTOS = YES_AGGRESSIVE;
				GCC_WARN_UNUSED_FUNCTION = YES;
				GCC_WARN_UNUSED_VARIABLE = YES;
				LOCALIZATION_PREFERS_STRING_CATALOGS = YES;
				MTL_ENABLE_DEBUG_INFO = INCLUDE_SOURCE;
				MTL_FAST_MATH = YES;
				ONLY_ACTIVE_ARCH = YES;
				SWIFT_ACTIVE_COMPILATION_CONDITIONS = "DEBUG $(inherited)";
				SWIFT_OPTIMIZATION_LEVEL = "-Onone";
			};
			name = Debug;
		};
		EED6B4292E64FB6D0010ED58 /* Release */ = {
			isa = XCBuildConfiguration;
			baseConfigurationReferenceAnchor = EED6B44D2E6625920010ED58 /* Nubu */;
			baseConfigurationReferenceRelativePath = Secrets.xcconfig;
			buildSettings = {
				ALWAYS_SEARCH_USER_PATHS = NO;
				ASSETCATALOG_COMPILER_GENERATE_SWIFT_ASSET_SYMBOL_EXTENSIONS = YES;
				CLANG_ANALYZER_NONNULL = YES;
				CLANG_ANALYZER_NUMBER_OBJECT_CONVERSION = YES_AGGRESSIVE;
				CLANG_CXX_LANGUAGE_STANDARD = "gnu++20";
				CLANG_ENABLE_MODULES = YES;
				CLANG_ENABLE_OBJC_ARC = YES;
				CLANG_ENABLE_OBJC_WEAK = YES;
				CLANG_WARN_BLOCK_CAPTURE_AUTORELEASING = YES;
				CLANG_WARN_BOOL_CONVERSION = YES;
				CLANG_WARN_COMMA = YES;
				CLANG_WARN_CONSTANT_CONVERSION = YES;
				CLANG_WARN_DEPRECATED_OBJC_IMPLEMENTATIONS = YES;
				CLANG_WARN_DIRECT_OBJC_ISA_USAGE = YES_ERROR;
				CLANG_WARN_DOCUMENTATION_COMMENTS = YES;
				CLANG_WARN_EMPTY_BODY = YES;
				CLANG_WARN_ENUM_CONVERSION = YES;
				CLANG_WARN_INFINITE_RECURSION = YES;
				CLANG_WARN_INT_CONVERSION = YES;
				CLANG_WARN_NON_LITERAL_NULL_CONVERSION = YES;
				CLANG_WARN_OBJC_IMPLICIT_RETAIN_SELF = YES;
				CLANG_WARN_OBJC_LITERAL_CONVERSION = YES;
				CLANG_WARN_OBJC_ROOT_CLASS = YES_ERROR;
				CLANG_WARN_QUOTED_INCLUDE_IN_FRAMEWORK_HEADER = YES;
				CLANG_WARN_RANGE_LOOP_ANALYSIS = YES;
				CLANG_WARN_STRICT_PROTOTYPES = YES;
				CLANG_WARN_SUSPICIOUS_MOVE = YES;
				CLANG_WARN_UNGUARDED_AVAILABILITY = YES_AGGRESSIVE;
				CLANG_WARN_UNREACHABLE_CODE = YES;
				CLANG_WARN__DUPLICATE_METHOD_MATCH = YES;
				COPY_PHASE_STRIP = NO;
				DEBUG_INFORMATION_FORMAT = "dwarf-with-dsym";
				ENABLE_NS_ASSERTIONS = NO;
				ENABLE_STRICT_OBJC_MSGSEND = YES;
				ENABLE_USER_SCRIPT_SANDBOXING = YES;
				GCC_C_LANGUAGE_STANDARD = gnu17;
				GCC_NO_COMMON_BLOCKS = YES;
				GCC_WARN_64_TO_32_BIT_CONVERSION = YES;
				GCC_WARN_ABOUT_RETURN_TYPE = YES_ERROR;
				GCC_WARN_UNDECLARED_SELECTOR = YES;
				GCC_WARN_UNINITIALIZED_AUTOS = YES_AGGRESSIVE;
				GCC_WARN_UNUSED_FUNCTION = YES;
				GCC_WARN_UNUSED_VARIABLE = YES;
				LOCALIZATION_PREFERS_STRING_CATALOGS = YES;
				MTL_ENABLE_DEBUG_INFO = NO;
				MTL_FAST_MATH = YES;
				SWIFT_COMPILATION_MODE = wholemodule;
			};
			name = Release;
		};
		EED6B46B2E6625940010ED58 /* Debug */ = {
			isa = XCBuildConfiguration;
			baseConfigurationReferenceAnchor = EED6B44D2E6625920010ED58 /* Nubu */;
			baseConfigurationReferenceRelativePath = Secrets.xcconfig;
			buildSettings = {
				ASSETCATALOG_COMPILER_APPICON_NAME = AppIcon;
				ASSETCATALOG_COMPILER_GLOBAL_ACCENT_COLOR_NAME = AccentColor;
				CODE_SIGN_IDENTITY = "Apple Development";
				CODE_SIGN_STYLE = Automatic;
				CURRENT_PROJECT_VERSION = 1;
				DEVELOPMENT_TEAM = 6M2Q7QVWK9;
				ENABLE_PREVIEWS = YES;
				GENERATE_INFOPLIST_FILE = YES;
				INFOPLIST_KEY_CFBundleDisplayName = Nubu;
				INFOPLIST_KEY_UIApplicationSceneManifest_Generation = YES;
				INFOPLIST_KEY_UIApplicationSupportsIndirectInputEvents = YES;
				INFOPLIST_KEY_UILaunchScreen_Generation = YES;
				INFOPLIST_KEY_UISupportedInterfaceOrientations_iPad = "UIInterfaceOrientationPortrait UIInterfaceOrientationPortraitUpsideDown UIInterfaceOrientationLandscapeLeft UIInterfaceOrientationLandscapeRight";
				INFOPLIST_KEY_UISupportedInterfaceOrientations_iPhone = "UIInterfaceOrientationPortrait UIInterfaceOrientationLandscapeLeft UIInterfaceOrientationLandscapeRight";
				IPHONEOS_DEPLOYMENT_TARGET = 18.5;
				LD_RUNPATH_SEARCH_PATHS = (
					"$(inherited)",
					"@executable_path/Frameworks",
				);
				MARKETING_VERSION = 1.0;
				PRODUCT_BUNDLE_IDENTIFIER = Garrett.Nubu;
				PRODUCT_NAME = "$(TARGET_NAME)";
				PROVISIONING_PROFILE_SPECIFIER = "";
				SDKROOT = iphoneos;
				SWIFT_EMIT_LOC_STRINGS = YES;
				SWIFT_VERSION = 5.0;
				TARGETED_DEVICE_FAMILY = "1,2";
			};
			name = Debug;
		};
		EED6B46C2E6625940010ED58 /* Release */ = {
			isa = XCBuildConfiguration;
			baseConfigurationReferenceAnchor = EED6B44D2E6625920010ED58 /* Nubu */;
			baseConfigurationReferenceRelativePath = Secrets.xcconfig;
			buildSettings = {
				ASSETCATALOG_COMPILER_APPICON_NAME = AppIcon;
				ASSETCATALOG_COMPILER_GLOBAL_ACCENT_COLOR_NAME = AccentColor;
				CODE_SIGN_IDENTITY = "Apple Development";
				CODE_SIGN_STYLE = Automatic;
				CURRENT_PROJECT_VERSION = 1;
				DEVELOPMENT_TEAM = 6M2Q7QVWK9;
				ENABLE_PREVIEWS = YES;
				GENERATE_INFOPLIST_FILE = YES;
				INFOPLIST_KEY_CFBundleDisplayName = Nubu;
				INFOPLIST_KEY_UIApplicationSceneManifest_Generation = YES;
				INFOPLIST_KEY_UIApplicationSupportsIndirectInputEvents = YES;
				INFOPLIST_KEY_UILaunchScreen_Generation = YES;
				INFOPLIST_KEY_UISupportedInterfaceOrientations_iPad = "UIInterfaceOrientationPortrait UIInterfaceOrientationPortraitUpsideDown UIInterfaceOrientationLandscapeLeft UIInterfaceOrientationLandscapeRight";
				INFOPLIST_KEY_UISupportedInterfaceOrientations_iPhone = "UIInterfaceOrientationPortrait UIInterfaceOrientationLandscapeLeft UIInterfaceOrientationLandscapeRight";
				IPHONEOS_DEPLOYMENT_TARGET = 18.5;
				LD_RUNPATH_SEARCH_PATHS = (
					"$(inherited)",
					"@executable_path/Frameworks",
				);
				MARKETING_VERSION = 1.0;
				PRODUCT_BUNDLE_IDENTIFIER = Garrett.Nubu;
				PRODUCT_NAME = "$(TARGET_NAME)";
				PROVISIONING_PROFILE_SPECIFIER = "";
				SDKROOT = iphoneos;
				SWIFT_EMIT_LOC_STRINGS = YES;
				SWIFT_VERSION = 5.0;
				TARGETED_DEVICE_FAMILY = "1,2";
				VALIDATE_PRODUCT = YES;
			};
			name = Release;
		};
		EED6B46E2E6625940010ED58 /* Debug */ = {
			isa = XCBuildConfiguration;
			baseConfigurationReferenceAnchor = EED6B44D2E6625920010ED58 /* Nubu */;
			baseConfigurationReferenceRelativePath = Secrets.xcconfig;
			buildSettings = {
				BUNDLE_LOADER = "$(TEST_HOST)";
				CODE_SIGN_STYLE = Automatic;
				CURRENT_PROJECT_VERSION = 1;
				GENERATE_INFOPLIST_FILE = YES;
				IPHONEOS_DEPLOYMENT_TARGET = 18.5;
				MARKETING_VERSION = 1.0;
				PRODUCT_BUNDLE_IDENTIFIER = "Nubu.Nubu-IOSTests";
				PRODUCT_NAME = "$(TARGET_NAME)";
				SDKROOT = iphoneos;
				SWIFT_EMIT_LOC_STRINGS = NO;
				SWIFT_VERSION = 5.0;
				TARGETED_DEVICE_FAMILY = "1,2";
				TEST_HOST = "$(BUILT_PRODUCTS_DIR)/Nubu IOS.app/$(BUNDLE_EXECUTABLE_FOLDER_PATH)/Nubu IOS";
			};
			name = Debug;
		};
		EED6B46F2E6625940010ED58 /* Release */ = {
			isa = XCBuildConfiguration;
			baseConfigurationReferenceAnchor = EED6B44D2E6625920010ED58 /* Nubu */;
			baseConfigurationReferenceRelativePath = Secrets.xcconfig;
			buildSettings = {
				BUNDLE_LOADER = "$(TEST_HOST)";
				CODE_SIGN_STYLE = Automatic;
				CURRENT_PROJECT_VERSION = 1;
				GENERATE_INFOPLIST_FILE = YES;
				IPHONEOS_DEPLOYMENT_TARGET = 18.5;
				MARKETING_VERSION = 1.0;
				PRODUCT_BUNDLE_IDENTIFIER = "Nubu.Nubu-IOSTests";
				PRODUCT_NAME = "$(TARGET_NAME)";
				SDKROOT = iphoneos;
				SWIFT_EMIT_LOC_STRINGS = NO;
				SWIFT_VERSION = 5.0;
				TARGETED_DEVICE_FAMILY = "1,2";
				TEST_HOST = "$(BUILT_PRODUCTS_DIR)/Nubu IOS.app/$(BUNDLE_EXECUTABLE_FOLDER_PATH)/Nubu IOS";
				VALIDATE_PRODUCT = YES;
			};
			name = Release;
		};
		EED6B4712E6625940010ED58 /* Debug */ = {
			isa = XCBuildConfiguration;
			baseConfigurationReferenceAnchor = EED6B44D2E6625920010ED58 /* Nubu */;
			baseConfigurationReferenceRelativePath = Secrets.xcconfig;
			buildSettings = {
				CODE_SIGN_STYLE = Automatic;
				CURRENT_PROJECT_VERSION = 1;
				GENERATE_INFOPLIST_FILE = YES;
				IPHONEOS_DEPLOYMENT_TARGET = 18.5;
				MARKETING_VERSION = 1.0;
				PRODUCT_BUNDLE_IDENTIFIER = "Nubu.Nubu-IOSUITests";
				PRODUCT_NAME = "$(TARGET_NAME)";
				SDKROOT = iphoneos;
				SWIFT_EMIT_LOC_STRINGS = NO;
				SWIFT_VERSION = 5.0;
				TARGETED_DEVICE_FAMILY = "1,2";
				TEST_TARGET_NAME = "Nubu IOS";
			};
			name = Debug;
		};
		EED6B4722E6625940010ED58 /* Release */ = {
			isa = XCBuildConfiguration;
			baseConfigurationReferenceAnchor = EED6B44D2E6625920010ED58 /* Nubu */;
			baseConfigurationReferenceRelativePath = Secrets.xcconfig;
			buildSettings = {
				CODE_SIGN_STYLE = Automatic;
				CURRENT_PROJECT_VERSION = 1;
				GENERATE_INFOPLIST_FILE = YES;
				IPHONEOS_DEPLOYMENT_TARGET = 18.5;
				MARKETING_VERSION = 1.0;
				PRODUCT_BUNDLE_IDENTIFIER = "Nubu.Nubu-IOSUITests";
				PRODUCT_NAME = "$(TARGET_NAME)";
				SDKROOT = iphoneos;
				SWIFT_EMIT_LOC_STRINGS = NO;
				SWIFT_VERSION = 5.0;
				TARGETED_DEVICE_FAMILY = "1,2";
				TEST_TARGET_NAME = "Nubu IOS";
				VALIDATE_PRODUCT = YES;
			};
			name = Release;
		};
/* End XCBuildConfiguration section */

/* Begin XCConfigurationList section */
		EED6B4032E64FB6B0010ED58 /* Build configuration list for PBXProject "Nubu" */ = {
			isa = XCConfigurationList;
			buildConfigurations = (
				EED6B4282E64FB6D0010ED58 /* Debug */,
				EED6B4292E64FB6D0010ED58 /* Release */,
			);
			defaultConfigurationIsVisible = 0;
			defaultConfigurationName = Release;
		};
		EED6B46A2E6625940010ED58 /* Build configuration list for PBXNativeTarget "Nubu" */ = {
			isa = XCConfigurationList;
			buildConfigurations = (
				EED6B46B2E6625940010ED58 /* Debug */,
				EED6B46C2E6625940010ED58 /* Release */,
			);
			defaultConfigurationIsVisible = 0;
			defaultConfigurationName = Release;
		};
		EED6B46D2E6625940010ED58 /* Build configuration list for PBXNativeTarget "Nubu Tests" */ = {
			isa = XCConfigurationList;
			buildConfigurations = (
				EED6B46E2E6625940010ED58 /* Debug */,
				EED6B46F2E6625940010ED58 /* Release */,
			);
			defaultConfigurationIsVisible = 0;
			defaultConfigurationName = Release;
		};
		EED6B4702E6625940010ED58 /* Build configuration list for PBXNativeTarget "Nubu UITests" */ = {
			isa = XCConfigurationList;
			buildConfigurations = (
				EED6B4712E6625940010ED58 /* Debug */,
				EED6B4722E6625940010ED58 /* Release */,
			);
			defaultConfigurationIsVisible = 0;
			defaultConfigurationName = Release;
		};
/* End XCConfigurationList section */

/* Begin XCRemoteSwiftPackageReference section */
		EED6B4362E661C6A0010ED58 /* XCRemoteSwiftPackageReference "supabase-swift" */ = {
			isa = XCRemoteSwiftPackageReference;
			repositoryURL = "https://github.com/supabase-community/supabase-swift";
			requirement = {
				kind = upToNextMajorVersion;
				minimumVersion = 2.5.1;
			};
		};
/* End XCRemoteSwiftPackageReference section */

/* Begin XCSwiftPackageProductDependency section */
		EED6B4882E6628D10010ED58 /* Supabase */ = {
			isa = XCSwiftPackageProductDependency;
			package = EED6B4362E661C6A0010ED58 /* XCRemoteSwiftPackageReference "supabase-swift" */;
			productName = Supabase;
		};
/* End XCSwiftPackageProductDependency section */
	};
	rootObject = EED6B4002E64FB6B0010ED58 /* Project object */;
}
